
Microsoft Visual Studio Solution File, Format Version 12.00
# Visual Studio Version 17
VisualStudioVersion = 17.3.32901.215
MinimumVisualStudioVersion = 10.0.40219.1
Project("{9A19103F-16F7-4668-BE54-9A1E7A4F7556}") = "TestProject4", "TestProject4\TestProject4.csproj", "{3E62813C-B3CA-4CF4-AB8D-43A6F537448C}"
EndProject
Project("{9A19103F-16F7-4668-BE54-9A1E7A4F7556}") = "Task20", "Task19\Task20.csproj", "{D58C5DCF-53CD-4FFA-9085-A232EE733C9F}"
EndProject
Project("{9A19103F-16F7-4668-BE54-9A1E7A4F7556}") = "Task21", "Task21\Task21.csproj", "{8E6342FA-C0A6-48FC-82E4-C98F5103F426}"
EndProject
Project("{9A19103F-16F7-4668-BE54-9A1E7A4F7556}") = "Task21V2", "Task21V2\Task21V2.csproj", "{0FB0E014-9D2C-435C-B899-5AF81C99DC8F}"
EndProject
Project("{9A19103F-16F7-4668-BE54-9A1E7A4F7556}") = "Task1", "Task1\Task1.csproj", "{93B26CF0-2F87-46A7-8330-126C321B08B4}"
EndProject
Project("{9A19103F-16F7-4668-BE54-9A1E7A4F7556}") = "Task2", "Task2\Task2.csproj", "{453AEC45-FFF3-40D0-9762-16F2B3CB1F8D}"
EndProject
Project("{9A19103F-16F7-4668-BE54-9A1E7A4F7556}") = "Task3", "თასკ3\Task3.csproj", "{DF71A55E-6BE1-4C7B-962B-AD8EE5893DE3}"
EndProject
Project("{9A19103F-16F7-4668-BE54-9A1E7A4F7556}") = "Task4", "Task4\Task4.csproj", "{F7DDC54C-E6B0-41C1-98C5-FF7BAD4D3987}"
EndProject
Project("{9A19103F-16F7-4668-BE54-9A1E7A4F7556}") = "Task5", "Task5\Task5.csproj", "{4010FC28-863D-440A-8E81-753B89DD3ECF}"
EndProject
Project("{9A19103F-16F7-4668-BE54-9A1E7A4F7556}") = "Task8", "Task8\Task8.csproj", "{2C34A12F-BEBA-4A98-BD8B-9AC0BECBE7D3}"
EndProject
Project("{9A19103F-16F7-4668-BE54-9A1E7A4F7556}") = "Task 9", "Task 9\Task 9.csproj", "{66D24A0A-30E4-4487-ADFB-BB28EE7CB1EB}"
EndProject
Project("{9A19103F-16F7-4668-BE54-9A1E7A4F7556}") = "Task10", "Task10\Task10.csproj", "{5A0DAFB7-472F-4895-B5C7-807041B60F86}"
EndProject
Project("{9A19103F-16F7-4668-BE54-9A1E7A4F7556}") = "Task11", "Task11\Task11.csproj", "{47646375-33EA-4138-8251-B6A1232D3CF4}"
EndProject
Project("{9A19103F-16F7-4668-BE54-9A1E7A4F7556}") = "Task12", "Task12\Task12.csproj", "{5854929A-EE48-48B3-82FF-578434215FF7}"
EndProject
Project("{FAE04EC0-301F-11D3-BF4B-00C04F79EFBC}") = "Task13", "Task13\Task13.csproj", "{67C576E7-9881-40A5-AA45-CA3670F94D6F}"
EndProject
Project("{FAE04EC0-301F-11D3-BF4B-00C04F79EFBC}") = "Task14", "Task14\Task14.csproj", "{BAE65A93-D0C5-4D3E-9FDE-11AEE444A600}"
EndProject
Project("{FAE04EC0-301F-11D3-BF4B-00C04F79EFBC}") = "Task15", "Task15\Task15.csproj", "{3DB86F46-2AEB-4070-85A0-15E3F7A4D4CB}"
EndProject
Project("{FAE04EC0-301F-11D3-BF4B-00C04F79EFBC}") = "Task 16", "Task 16\Task 16.csproj", "{DDF4A048-34B3-4AE6-BB5B-E7605898DBA7}"
EndProject
Project("{FAE04EC0-301F-11D3-BF4B-00C04F79EFBC}") = "Task18", "Task18\Task18.csproj", "{75CFB72F-A1A4-43BA-A5C1-CC374B2946B3}"
EndProject
Project("{FAE04EC0-301F-11D3-BF4B-00C04F79EFBC}") = "Task17", "Task17\Task17.csproj", "{2C4DEF62-CB84-4D69-801A-456E788BEBF8}"
EndProject
Project("{FAE04EC0-301F-11D3-BF4B-00C04F79EFBC}") = "Tas19", "Tas19\Tas19.csproj", "{3F876F67-7CAE-4646-BACF-213BE40491B2}"
EndProject
Global
	GlobalSection(SolutionConfigurationPlatforms) = preSolution
		Debug|Any CPU = Debug|Any CPU
		Release|Any CPU = Release|Any CPU
	EndGlobalSection
	GlobalSection(ProjectConfigurationPlatforms) = postSolution
		{3E62813C-B3CA-4CF4-AB8D-43A6F537448C}.Debug|Any CPU.ActiveCfg = Debug|Any CPU
		{3E62813C-B3CA-4CF4-AB8D-43A6F537448C}.Debug|Any CPU.Build.0 = Debug|Any CPU
		{3E62813C-B3CA-4CF4-AB8D-43A6F537448C}.Release|Any CPU.ActiveCfg = Release|Any CPU
		{3E62813C-B3CA-4CF4-AB8D-43A6F537448C}.Release|Any CPU.Build.0 = Release|Any CPU
		{D58C5DCF-53CD-4FFA-9085-A232EE733C9F}.Debug|Any CPU.ActiveCfg = Debug|Any CPU
		{D58C5DCF-53CD-4FFA-9085-A232EE733C9F}.Debug|Any CPU.Build.0 = Debug|Any CPU
		{D58C5DCF-53CD-4FFA-9085-A232EE733C9F}.Release|Any CPU.ActiveCfg = Release|Any CPU
		{D58C5DCF-53CD-4FFA-9085-A232EE733C9F}.Release|Any CPU.Build.0 = Release|Any CPU
		{8E6342FA-C0A6-48FC-82E4-C98F5103F426}.Debug|Any CPU.ActiveCfg = Debug|Any CPU
		{8E6342FA-C0A6-48FC-82E4-C98F5103F426}.Debug|Any CPU.Build.0 = Debug|Any CPU
		{8E6342FA-C0A6-48FC-82E4-C98F5103F426}.Release|Any CPU.ActiveCfg = Release|Any CPU
		{8E6342FA-C0A6-48FC-82E4-C98F5103F426}.Release|Any CPU.Build.0 = Release|Any CPU
		{0FB0E014-9D2C-435C-B899-5AF81C99DC8F}.Debug|Any CPU.ActiveCfg = Debug|Any CPU
		{0FB0E014-9D2C-435C-B899-5AF81C99DC8F}.Debug|Any CPU.Build.0 = Debug|Any CPU
		{0FB0E014-9D2C-435C-B899-5AF81C99DC8F}.Release|Any CPU.ActiveCfg = Release|Any CPU
		{0FB0E014-9D2C-435C-B899-5AF81C99DC8F}.Release|Any CPU.Build.0 = Release|Any CPU
		{93B26CF0-2F87-46A7-8330-126C321B08B4}.Debug|Any CPU.ActiveCfg = Debug|Any CPU
		{93B26CF0-2F87-46A7-8330-126C321B08B4}.Debug|Any CPU.Build.0 = Debug|Any CPU
		{93B26CF0-2F87-46A7-8330-126C321B08B4}.Release|Any CPU.ActiveCfg = Release|Any CPU
		{93B26CF0-2F87-46A7-8330-126C321B08B4}.Release|Any CPU.Build.0 = Release|Any CPU
		{453AEC45-FFF3-40D0-9762-16F2B3CB1F8D}.Debug|Any CPU.ActiveCfg = Debug|Any CPU
		{453AEC45-FFF3-40D0-9762-16F2B3CB1F8D}.Debug|Any CPU.Build.0 = Debug|Any CPU
		{453AEC45-FFF3-40D0-9762-16F2B3CB1F8D}.Release|Any CPU.ActiveCfg = Release|Any CPU
		{453AEC45-FFF3-40D0-9762-16F2B3CB1F8D}.Release|Any CPU.Build.0 = Release|Any CPU
		{DF71A55E-6BE1-4C7B-962B-AD8EE5893DE3}.Debug|Any CPU.ActiveCfg = Debug|Any CPU
		{DF71A55E-6BE1-4C7B-962B-AD8EE5893DE3}.Debug|Any CPU.Build.0 = Debug|Any CPU
		{DF71A55E-6BE1-4C7B-962B-AD8EE5893DE3}.Release|Any CPU.ActiveCfg = Release|Any CPU
		{DF71A55E-6BE1-4C7B-962B-AD8EE5893DE3}.Release|Any CPU.Build.0 = Release|Any CPU
		{F7DDC54C-E6B0-41C1-98C5-FF7BAD4D3987}.Debug|Any CPU.ActiveCfg = Debug|Any CPU
		{F7DDC54C-E6B0-41C1-98C5-FF7BAD4D3987}.Debug|Any CPU.Build.0 = Debug|Any CPU
		{F7DDC54C-E6B0-41C1-98C5-FF7BAD4D3987}.Release|Any CPU.ActiveCfg = Release|Any CPU
		{F7DDC54C-E6B0-41C1-98C5-FF7BAD4D3987}.Release|Any CPU.Build.0 = Release|Any CPU
		{4010FC28-863D-440A-8E81-753B89DD3ECF}.Debug|Any CPU.ActiveCfg = Debug|Any CPU
		{4010FC28-863D-440A-8E81-753B89DD3ECF}.Debug|Any CPU.Build.0 = Debug|Any CPU
		{4010FC28-863D-440A-8E81-753B89DD3ECF}.Release|Any CPU.ActiveCfg = Release|Any CPU
		{4010FC28-863D-440A-8E81-753B89DD3ECF}.Release|Any CPU.Build.0 = Release|Any CPU
		{2C34A12F-BEBA-4A98-BD8B-9AC0BECBE7D3}.Debug|Any CPU.ActiveCfg = Debug|Any CPU
		{2C34A12F-BEBA-4A98-BD8B-9AC0BECBE7D3}.Debug|Any CPU.Build.0 = Debug|Any CPU
		{2C34A12F-BEBA-4A98-BD8B-9AC0BECBE7D3}.Release|Any CPU.ActiveCfg = Release|Any CPU
		{2C34A12F-BEBA-4A98-BD8B-9AC0BECBE7D3}.Release|Any CPU.Build.0 = Release|Any CPU
		{66D24A0A-30E4-4487-ADFB-BB28EE7CB1EB}.Debug|Any CPU.ActiveCfg = Debug|Any CPU
		{66D24A0A-30E4-4487-ADFB-BB28EE7CB1EB}.Debug|Any CPU.Build.0 = Debug|Any CPU
		{66D24A0A-30E4-4487-ADFB-BB28EE7CB1EB}.Release|Any CPU.ActiveCfg = Release|Any CPU
		{66D24A0A-30E4-4487-ADFB-BB28EE7CB1EB}.Release|Any CPU.Build.0 = Release|Any CPU
		{5A0DAFB7-472F-4895-B5C7-807041B60F86}.Debug|Any CPU.ActiveCfg = Debug|Any CPU
		{5A0DAFB7-472F-4895-B5C7-807041B60F86}.Debug|Any CPU.Build.0 = Debug|Any CPU
		{5A0DAFB7-472F-4895-B5C7-807041B60F86}.Release|Any CPU.ActiveCfg = Release|Any CPU
		{5A0DAFB7-472F-4895-B5C7-807041B60F86}.Release|Any CPU.Build.0 = Release|Any CPU
		{47646375-33EA-4138-8251-B6A1232D3CF4}.Debug|Any CPU.ActiveCfg = Debug|Any CPU
		{47646375-33EA-4138-8251-B6A1232D3CF4}.Debug|Any CPU.Build.0 = Debug|Any CPU
		{47646375-33EA-4138-8251-B6A1232D3CF4}.Release|Any CPU.ActiveCfg = Release|Any CPU
		{47646375-33EA-4138-8251-B6A1232D3CF4}.Release|Any CPU.Build.0 = Release|Any CPU
		{5854929A-EE48-48B3-82FF-578434215FF7}.Debug|Any CPU.ActiveCfg = Debug|Any CPU
		{5854929A-EE48-48B3-82FF-578434215FF7}.Debug|Any CPU.Build.0 = Debug|Any CPU
		{5854929A-EE48-48B3-82FF-578434215FF7}.Release|Any CPU.ActiveCfg = Release|Any CPU
		{5854929A-EE48-48B3-82FF-578434215FF7}.Release|Any CPU.Build.0 = Release|Any CPU
		{67C576E7-9881-40A5-AA45-CA3670F94D6F}.Debug|Any CPU.ActiveCfg = Debug|Any CPU
		{67C576E7-9881-40A5-AA45-CA3670F94D6F}.Debug|Any CPU.Build.0 = Debug|Any CPU
		{67C576E7-9881-40A5-AA45-CA3670F94D6F}.Release|Any CPU.ActiveCfg = Release|Any CPU
		{67C576E7-9881-40A5-AA45-CA3670F94D6F}.Release|Any CPU.Build.0 = Release|Any CPU
		{BAE65A93-D0C5-4D3E-9FDE-11AEE444A600}.Debug|Any CPU.ActiveCfg = Debug|Any CPU
		{BAE65A93-D0C5-4D3E-9FDE-11AEE444A600}.Debug|Any CPU.Build.0 = Debug|Any CPU
		{BAE65A93-D0C5-4D3E-9FDE-11AEE444A600}.Release|Any CPU.ActiveCfg = Release|Any CPU
		{BAE65A93-D0C5-4D3E-9FDE-11AEE444A600}.Release|Any CPU.Build.0 = Release|Any CPU
		{3DB86F46-2AEB-4070-85A0-15E3F7A4D4CB}.Debug|Any CPU.ActiveCfg = Debug|Any CPU
		{3DB86F46-2AEB-4070-85A0-15E3F7A4D4CB}.Debug|Any CPU.Build.0 = Debug|Any CPU
		{3DB86F46-2AEB-4070-85A0-15E3F7A4D4CB}.Release|Any CPU.ActiveCfg = Release|Any CPU
		{3DB86F46-2AEB-4070-85A0-15E3F7A4D4CB}.Release|Any CPU.Build.0 = Release|Any CPU
		{DDF4A048-34B3-4AE6-BB5B-E7605898DBA7}.Debug|Any CPU.ActiveCfg = Debug|Any CPU
		{DDF4A048-34B3-4AE6-BB5B-E7605898DBA7}.Debug|Any CPU.Build.0 = Debug|Any CPU
		{DDF4A048-34B3-4AE6-BB5B-E7605898DBA7}.Release|Any CPU.ActiveCfg = Release|Any CPU
		{DDF4A048-34B3-4AE6-BB5B-E7605898DBA7}.Release|Any CPU.Build.0 = Release|Any CPU
		{75CFB72F-A1A4-43BA-A5C1-CC374B2946B3}.Debug|Any CPU.ActiveCfg = Debug|Any CPU
		{75CFB72F-A1A4-43BA-A5C1-CC374B2946B3}.Debug|Any CPU.Build.0 = Debug|Any CPU
		{75CFB72F-A1A4-43BA-A5C1-CC374B2946B3}.Release|Any CPU.ActiveCfg = Release|Any CPU
		{75CFB72F-A1A4-43BA-A5C1-CC374B2946B3}.Release|Any CPU.Build.0 = Release|Any CPU
		{2C4DEF62-CB84-4D69-801A-456E788BEBF8}.Debug|Any CPU.ActiveCfg = Debug|Any CPU
		{2C4DEF62-CB84-4D69-801A-456E788BEBF8}.Debug|Any CPU.Build.0 = Debug|Any CPU
		{2C4DEF62-CB84-4D69-801A-456E788BEBF8}.Release|Any CPU.ActiveCfg = Release|Any CPU
		{2C4DEF62-CB84-4D69-801A-456E788BEBF8}.Release|Any CPU.Build.0 = Release|Any CPU
		{3F876F67-7CAE-4646-BACF-213BE40491B2}.Debug|Any CPU.ActiveCfg = Debug|Any CPU
		{3F876F67-7CAE-4646-BACF-213BE40491B2}.Debug|Any CPU.Build.0 = Debug|Any CPU
		{3F876F67-7CAE-4646-BACF-213BE40491B2}.Release|Any CPU.ActiveCfg = Release|Any CPU
		{3F876F67-7CAE-4646-BACF-213BE40491B2}.Release|Any CPU.Build.0 = Release|Any CPU
	EndGlobalSection
	GlobalSection(SolutionProperties) = preSolution
		HideSolutionNode = FALSE
	EndGlobalSection
	GlobalSection(ExtensibilityGlobals) = postSolution
		SolutionGuid = {B437E83B-844F-4E9C-BF45-240DE35F6981}
	EndGlobalSection
EndGlobal
